
Microsoft Visual Studio Solution File, Format Version 12.00
# Visual Studio 14
VisualStudioVersion = 14.0.23107.0
MinimumVisualStudioVersion = 10.0.40219.1
Project("{2150E333-8FDC-42A3-9474-1A3956D46DE8}") = "2-Domain", "2-Domain", "{389D5870-530F-419D-9D5C-4A259B8164AF}"
EndProject
Project("{2150E333-8FDC-42A3-9474-1A3956D46DE8}") = "1-Presentation", "1-Presentation", "{5ABB8445-5D6F-4001-BEC7-E3CE5D4E7C1B}"
EndProject
Project("{FAE04EC0-301F-11D3-BF4B-00C04F79EFBC}") = "PauloMau.AV2.Domain", "PauloMau.AV2.Domain\PauloMau.AV2.Domain.csproj", "{36870CC2-D409-481B-BE04-1B81C74FB32D}"
EndProject
Project("{FAE04EC0-301F-11D3-BF4B-00C04F79EFBC}") = "PauloMau.AV2.Presentation.MvcApp", "PauloMau.AV2.Presentation.MvcApp\PauloMau.AV2.Presentation.MvcApp.csproj", "{D909CB38-285D-46C9-963D-64F6CC3A8FB1}"
	ProjectSection(ProjectDependencies) = postProject
		{36870CC2-D409-481B-BE04-1B81C74FB32D} = {36870CC2-D409-481B-BE04-1B81C74FB32D}
	EndProjectSection
EndProject
Global
	GlobalSection(SolutionConfigurationPlatforms) = preSolution
		Debug|Any CPU = Debug|Any CPU
		Release|Any CPU = Release|Any CPU
	EndGlobalSection
	GlobalSection(ProjectConfigurationPlatforms) = postSolution
		{36870CC2-D409-481B-BE04-1B81C74FB32D}.Debug|Any CPU.ActiveCfg = Debug|Any CPU
		{36870CC2-D409-481B-BE04-1B81C74FB32D}.Debug|Any CPU.Build.0 = Debug|Any CPU
		{36870CC2-D409-481B-BE04-1B81C74FB32D}.Release|Any CPU.ActiveCfg = Release|Any CPU
		{36870CC2-D409-481B-BE04-1B81C74FB32D}.Release|Any CPU.Build.0 = Release|Any CPU
		{D909CB38-285D-46C9-963D-64F6CC3A8FB1}.Debug|Any CPU.ActiveCfg = Debug|Any CPU
		{D909CB38-285D-46C9-963D-64F6CC3A8FB1}.Debug|Any CPU.Build.0 = Debug|Any CPU
		{D909CB38-285D-46C9-963D-64F6CC3A8FB1}.Release|Any CPU.ActiveCfg = Release|Any CPU
		{D909CB38-285D-46C9-963D-64F6CC3A8FB1}.Release|Any CPU.Build.0 = Release|Any CPU
	EndGlobalSection
	GlobalSection(SolutionProperties) = preSolution
		HideSolutionNode = FALSE
	EndGlobalSection
	GlobalSection(NestedProjects) = preSolution
		{36870CC2-D409-481B-BE04-1B81C74FB32D} = {389D5870-530F-419D-9D5C-4A259B8164AF}
		{D909CB38-285D-46C9-963D-64F6CC3A8FB1} = {5ABB8445-5D6F-4001-BEC7-E3CE5D4E7C1B}
	EndGlobalSection
EndGlobal
